
Microsoft Visual Studio Solution File, Format Version 12.00
# Visual Studio Version 17
VisualStudioVersion = 17.6.33829.357
MinimumVisualStudioVersion = 10.0.40219.1
Project("{FAE04EC0-301F-11D3-BF4B-00C04F79EFBC}") = "Csharp-dinhdang", "Csharp-dinhdang.csproj", "{66C69D70-BEBD-4E38-999A-821F489622CF}"
EndProject
Global
	GlobalSection(SolutionConfigurationPlatforms) = preSolution
		Debug|Any CPU = Debug|Any CPU
		Release|Any CPU = Release|Any CPU
	EndGlobalSection
	GlobalSection(ProjectConfigurationPlatforms) = postSolution
		{66C69D70-BEBD-4E38-999A-821F489622CF}.Debug|Any CPU.ActiveCfg = Debug|Any CPU
		{66C69D70-BEBD-4E38-999A-821F489622CF}.Debug|Any CPU.Build.0 = Debug|Any CPU
		{66C69D70-BEBD-4E38-999A-821F489622CF}.Release|Any CPU.ActiveCfg = Release|Any CPU
		{66C69D70-BEBD-4E38-999A-821F489622CF}.Release|Any CPU.Build.0 = Release|Any CPU
	EndGlobalSection
	GlobalSection(SolutionProperties) = preSolution
		HideSolutionNode = FALSE
	EndGlobalSection
	GlobalSection(ExtensibilityGlobals) = postSolution
		SolutionGuid = {2971DA1D-9EE3-4E14-B45A-0D44BC129485}
	EndGlobalSection
EndGlobal
